
Microsoft Visual Studio Solution File, Format Version 12.00
# Visual Studio Version 17
VisualStudioVersion = 17.4.33205.214
MinimumVisualStudioVersion = 10.0.40219.1
Project("{9A19103F-16F7-4668-BE54-9A1E7A4F7556}") = "SagaTests", "SagaTests\SagaTests.csproj", "{3787B9E6-179C-4056-B60C-2FE284F70A4F}"
EndProject
Project("{9A19103F-16F7-4668-BE54-9A1E7A4F7556}") = "MassTransitDemo", "MassTransitDemo\MassTransitDemo.csproj", "{136BC119-5E86-4210-8282-5648E42A6983}"
EndProject
Global
	GlobalSection(SolutionConfigurationPlatforms) = preSolution
		Debug|Any CPU = Debug|Any CPU
		Release|Any CPU = Release|Any CPU
	EndGlobalSection
	GlobalSection(ProjectConfigurationPlatforms) = postSolution
		{3787B9E6-179C-4056-B60C-2FE284F70A4F}.Debug|Any CPU.ActiveCfg = Debug|Any CPU
		{3787B9E6-179C-4056-B60C-2FE284F70A4F}.Debug|Any CPU.Build.0 = Debug|Any CPU
		{3787B9E6-179C-4056-B60C-2FE284F70A4F}.Release|Any CPU.ActiveCfg = Release|Any CPU
		{3787B9E6-179C-4056-B60C-2FE284F70A4F}.Release|Any CPU.Build.0 = Release|Any CPU
		{136BC119-5E86-4210-8282-5648E42A6983}.Debug|Any CPU.ActiveCfg = Debug|Any CPU
		{136BC119-5E86-4210-8282-5648E42A6983}.Debug|Any CPU.Build.0 = Debug|Any CPU
		{136BC119-5E86-4210-8282-5648E42A6983}.Release|Any CPU.ActiveCfg = Release|Any CPU
		{136BC119-5E86-4210-8282-5648E42A6983}.Release|Any CPU.Build.0 = Release|Any CPU
	EndGlobalSection
	GlobalSection(SolutionProperties) = preSolution
		HideSolutionNode = FALSE
	EndGlobalSection
	GlobalSection(ExtensibilityGlobals) = postSolution
		SolutionGuid = {CB6DA088-9AEE-4E4A-9478-1AB19353CABE}
	EndGlobalSection
EndGlobal
