
Microsoft Visual Studio Solution File, Format Version 12.00
# Visual Studio Version 17
VisualStudioVersion = 17.4.33205.214
MinimumVisualStudioVersion = 10.0.40219.1
Project("{FAE04EC0-301F-11D3-BF4B-00C04F79EFBC}") = "MassTransitDemo", "MassTransitDemo.csproj", "{3E3FCB42-DE61-450A-9535-11F26E6E50F3}"
EndProject
Global
	GlobalSection(SolutionConfigurationPlatforms) = preSolution
		Debug|Any CPU = Debug|Any CPU
		Release|Any CPU = Release|Any CPU
	EndGlobalSection
	GlobalSection(ProjectConfigurationPlatforms) = postSolution
		{3E3FCB42-DE61-450A-9535-11F26E6E50F3}.Debug|Any CPU.ActiveCfg = Debug|Any CPU
		{3E3FCB42-DE61-450A-9535-11F26E6E50F3}.Debug|Any CPU.Build.0 = Debug|Any CPU
		{3E3FCB42-DE61-450A-9535-11F26E6E50F3}.Release|Any CPU.ActiveCfg = Release|Any CPU
		{3E3FCB42-DE61-450A-9535-11F26E6E50F3}.Release|Any CPU.Build.0 = Release|Any CPU
	EndGlobalSection
	GlobalSection(SolutionProperties) = preSolution
		HideSolutionNode = FALSE
	EndGlobalSection
	GlobalSection(ExtensibilityGlobals) = postSolution
		SolutionGuid = {CB6DA088-9AEE-4E4A-9478-1AB19353CABE}
	EndGlobalSection
EndGlobal
